
Microsoft Visual Studio Solution File, Format Version 12.00
# Visual Studio 14
VisualStudioVersion = 14.0.25420.1
MinimumVisualStudioVersion = 10.0.40219.1
Project("{FAE04EC0-301F-11D3-BF4B-00C04F79EFBC}") = "go-with-the-flow-2.0", "go-with-the-flow-2.0\go-with-the-flow-2.0.csproj", "{36073CE7-3A75-4105-B3D6-7B1C748A167E}"
EndProject
Global
	GlobalSection(SolutionConfigurationPlatforms) = preSolution
		Debug|Any CPU = Debug|Any CPU
		Release|Any CPU = Release|Any CPU
	EndGlobalSection
	GlobalSection(ProjectConfigurationPlatforms) = postSolution
		{36073CE7-3A75-4105-B3D6-7B1C748A167E}.Debug|Any CPU.ActiveCfg = Debug|Any CPU
		{36073CE7-3A75-4105-B3D6-7B1C748A167E}.Debug|Any CPU.Build.0 = Debug|Any CPU
		{36073CE7-3A75-4105-B3D6-7B1C748A167E}.Release|Any CPU.ActiveCfg = Release|Any CPU
		{36073CE7-3A75-4105-B3D6-7B1C748A167E}.Release|Any CPU.Build.0 = Release|Any CPU
	EndGlobalSection
	GlobalSection(SolutionProperties) = preSolution
		HideSolutionNode = FALSE
	EndGlobalSection
EndGlobal
